PODS:
  - CocoaLumberjack (3.5.2):
    - CocoaLumberjack/Core (= 3.5.2)
  - CocoaLumberjack/Core (3.5.2)
  - fishhook (0.2)

DEPENDENCIES:
  - CocoaLumberjack (~> 3.5.2)
  - fishhook (~> 0.2)

SPEC REPOS:
  https://github.com/cocoapods/specs.git:
    - CocoaLumberjack
    - fishhook

SPEC CHECKSUMS:
  CocoaLumberjack: 118bf4a820efc641f79fa487b75ed928dccfae23
  fishhook: ea19933abfe8f2f52c55fd8b6e2718467d3ebc89

PODFILE CHECKSUM: b1c157ae471e0bed3e8b7ea74a341b22eb1f0835

COCOAPODS: 1.6.1
